{
  "originHash" : "94934c9f7b1b9736baed9ae0d5f702e3f19d0ea5ce340a1a565edac23e48d3b2",
  "pins" : [
    {
      "identity" : "opencv-spm",
      "kind" : "remoteSourceControl",
      "location" : "https://github.com/yeatse/opencv-spm.git",
      "state" : {
        "revision" : "151a5374946aa867ff3892e0d69fd85e1ecdaf2e",
        "version" : "4.13.0"
      }
    }
  ],
  "version" : 3
}
